{
  "name": "microservices-sample",
  "lockfileVersion": 2,
  "requires": true,
  "packages": {
    "": {
      "dependencies": {
        "amqp-rpc-framework": "^1.1.2"
      }
    },
    "node_modules/@acuminous/bitsyntax": {
      "version": "0.1.2",
      "resolved": "https://registry.npmjs.org/@acuminous/bitsyntax/-/bitsyntax-0.1.2.tgz",
      "integrity": "sha512-29lUK80d1muEQqiUsSo+3A0yP6CdspgC95EnKBMi22Xlwt79i/En4Vr67+cXhU+cZjbti3TgGGC5wy1stIywVQ==",
      "dependencies": {
        "buffer-more-ints": "~1.0.0",
        "debug": "^4.3.4",
        "safe-buffer": "~5.1.2"
      },
      "engines": {
        "node": ">=0.8"
      }
    },
    "node_modules/101": {
      "version": "1.6.3",
      "resolved": "https://registry.npmjs.org/101/-/101-1.6.3.tgz",
      "integrity": "sha512-4dmQ45yY0Dx24Qxp+zAsNLlMF6tteCyfVzgbulvSyC7tCyd3V8sW76sS0tHq8NpcbXfWTKasfyfzU1Kd86oKzw==",
      "dependencies": {
        "clone": "^1.0.2",
        "deep-eql": "^0.1.3",
        "keypather": "^1.10.2"
      }
    },
    "node_modules/amqp-rpc-framework": {
      "version": "1.1.2",
      "resolved": "https://registry.npmjs.org/amqp-rpc-framework/-/amqp-rpc-framework-1.1.2.tgz",
      "integrity": "sha512-iARjpBi/F1GJ9R5PVyDVtsWJL6RE3q9L2xHHzTuezMbkxz20CpUZ8FgAcK/8nCg/o5agbeUW4sQjN7T9/mUL+g==",
      "dependencies": {
        "amqplib": "^0.10.3",
        "amqplib-rpc": "^3.1.0"
      }
    },
    "node_modules/amqplib": {
      "version": "0.10.3",
      "resolved": "https://registry.npmjs.org/amqplib/-/amqplib-0.10.3.tgz",
      "integrity": "sha512-UHmuSa7n8vVW/a5HGh2nFPqAEr8+cD4dEZ6u9GjP91nHfr1a54RyAKyra7Sb5NH7NBKOUlyQSMXIp0qAixKexw==",
      "dependencies": {
        "@acuminous/bitsyntax": "^0.1.2",
        "buffer-more-ints": "~1.0.0",
        "readable-stream": "1.x >=1.1.9",
        "url-parse": "~1.5.10"
      },
      "engines": {
        "node": ">=10"
      }
    },
    "node_modules/amqplib-rpc": {
      "version": "3.1.0",
      "resolved": "https://registry.npmjs.org/amqplib-rpc/-/amqplib-rpc-3.1.0.tgz",
      "integrity": "sha512-TTDRIeZxzF/4lNo7Wfx9WeICteX40HaD/SdntLExC+uHv4/EqSVZt81mFnnWYAmsRhhbs7kEW89PXpum7acjaA==",
      "dependencies": {
        "101": "^1.6.0",
        "assert-args": "^1.1.2",
        "call-me-maybe": "^1.0.1",
        "cast-buffer": "^1.1.0",
        "debug": "^2.2.0",
        "first-event": "^1.0.0",
        "throw-next-tick": "^0.1.0",
        "timeout-then": "1.0.0",
        "uuid": "^2.0.1"
      }
    },
    "node_modules/amqplib-rpc/node_modules/debug": {
      "version": "2.6.9",
      "resolved": "https://registry.npmjs.org/debug/-/debug-2.6.9.tgz",
      "integrity": "sha512-bC7ElrdJaJnPbAP+1EotYvqZsb3ecl5wi6Bfi6BJTUcNowp6cvspg0jXznRTKDjm/E7AdgFBVeAPVMNcKGsHMA==",
      "dependencies": {
        "ms": "2.0.0"
      }
    },
    "node_modules/amqplib-rpc/node_modules/ms": {
      "version": "2.0.0",
      "resolved": "https://registry.npmjs.org/ms/-/ms-2.0.0.tgz",
      "integrity": "sha512-Tpp60P6IUJDTuOq/5Z8cdskzJujfwqfOTkrwIwj7IRISpnkJnT6SyJ4PCPnGMoFjC9ddhal5KVIYtAt97ix05A=="
    },
    "node_modules/assert-args": {
      "version": "1.2.1",
      "resolved": "https://registry.npmjs.org/assert-args/-/assert-args-1.2.1.tgz",
      "integrity": "sha512-5I0r0kiRgmUw7sDfv6WdG5/vAb/N0vkzh0iEfVB/Bp+1L5Iasfz0MyvHDf68Ig/wUTQJsmQH5ga/btNb48Yvgg==",
      "dependencies": {
        "101": "^1.2.0",
        "compound-subject": "0.0.1",
        "debug": "^2.2.0",
        "get-prototype-of": "0.0.0",
        "is-capitalized": "^1.0.0",
        "is-class": "0.0.4"
      }
    },
    "node_modules/assert-args/node_modules/debug": {
      "version": "2.6.9",
      "resolved": "https://registry.npmjs.org/debug/-/debug-2.6.9.tgz",
      "integrity": "sha512-bC7ElrdJaJnPbAP+1EotYvqZsb3ecl5wi6Bfi6BJTUcNowp6cvspg0jXznRTKDjm/E7AdgFBVeAPVMNcKGsHMA==",
      "dependencies": {
        "ms": "2.0.0"
      }
    },
    "node_modules/assert-args/node_modules/ms": {
      "version": "2.0.0",
      "resolved": "https://registry.npmjs.org/ms/-/ms-2.0.0.tgz",
      "integrity": "sha512-Tpp60P6IUJDTuOq/5Z8cdskzJujfwqfOTkrwIwj7IRISpnkJnT6SyJ4PCPnGMoFjC9ddhal5KVIYtAt97ix05A=="
    },
    "node_modules/buffer-more-ints": {
      "version": "1.0.0",
      "resolved": "https://registry.npmjs.org/buffer-more-ints/-/buffer-more-ints-1.0.0.tgz",
      "integrity": "sha512-EMetuGFz5SLsT0QTnXzINh4Ksr+oo4i+UGTXEshiGCQWnsgSs7ZhJ8fzlwQ+OzEMs0MpDAMr1hxnblp5a4vcHg=="
    },
    "node_modules/call-me-maybe": {
      "version": "1.0.2",
      "resolved": "https://registry.npmjs.org/call-me-maybe/-/call-me-maybe-1.0.2.tgz",
      "integrity": "sha512-HpX65o1Hnr9HH25ojC1YGs7HCQLq0GCOibSaWER0eNpgJ/Z1MZv2mTc7+xh6WOPxbRVcmgbv4hGU+uSQ/2xFZQ=="
    },
    "node_modules/cast-buffer": {
      "version": "1.2.0",
      "resolved": "https://registry.npmjs.org/cast-buffer/-/cast-buffer-1.2.0.tgz",
      "integrity": "sha512-vnUYuoqu/x0lAAzz8USm5AeyIE9tYy0MDjkClVgynNYC806SynSac5R8OpK+zhzkGLLFAWwPggNxWYB1Veyp3w==",
      "dependencies": {
        "101": "^1.2.0",
        "assert-args": "^1.0.5"
      }
    },
    "node_modules/clone": {
      "version": "1.0.4",
      "resolved": "https://registry.npmjs.org/clone/-/clone-1.0.4.tgz",
      "integrity": "sha512-JQHZ2QMW6l3aH/j6xCqQThY/9OH4D/9ls34cgkUBiEeocRTU04tHfKPBsUK1PqZCUQM7GiA0IIXJSuXHI64Kbg==",
      "engines": {
        "node": ">=0.8"
      }
    },
    "node_modules/compound-subject": {
      "version": "0.0.1",
      "resolved": "https://registry.npmjs.org/compound-subject/-/compound-subject-0.0.1.tgz",
      "integrity": "sha512-FrT18lznTAOi5MRu/5PyfbXXHiASha4yTpuxXwtK6FCwiBKToEQLyK3NyazGKj4T0vDnkqPDmCczCVNJOVpdmA=="
    },
    "node_modules/core-util-is": {
      "version": "1.0.3",
      "resolved": "https://registry.npmjs.org/core-util-is/-/core-util-is-1.0.3.tgz",
      "integrity": "sha512-ZQBvi1DcpJ4GDqanjucZ2Hj3wEO5pZDS89BWbkcrvdxksJorwUDDZamX9ldFkp9aw2lmBDLgkObEA4DWNJ9FYQ=="
    },
    "node_modules/debug": {
      "version": "4.3.4",
      "resolved": "https://registry.npmjs.org/debug/-/debug-4.3.4.tgz",
      "integrity": "sha512-PRWFHuSU3eDtQJPvnNY7Jcket1j0t5OuOsFzPPzsekD52Zl8qUfFIPEiswXqIvHWGVHOgX+7G/vCNNhehwxfkQ==",
      "dependencies": {
        "ms": "2.1.2"
      },
      "engines": {
        "node": ">=6.0"
      },
      "peerDependenciesMeta": {
        "supports-color": {
          "optional": true
        }
      }
    },
    "node_modules/deep-eql": {
      "version": "0.1.3",
      "resolved": "https://registry.npmjs.org/deep-eql/-/deep-eql-0.1.3.tgz",
      "integrity": "sha512-6sEotTRGBFiNcqVoeHwnfopbSpi5NbH1VWJmYCVkmxMmaVTT0bUTrNaGyBwhgP4MZL012W/mkzIn3Da+iDYweg==",
      "dependencies": {
        "type-detect": "0.1.1"
      },
      "engines": {
        "node": "*"
      }
    },
    "node_modules/first-event": {
      "version": "1.0.0",
      "resolved": "https://registry.npmjs.org/first-event/-/first-event-1.0.0.tgz",
      "integrity": "sha512-42kUcRMaGhvYBn/xtad077NfcS6hc5sbib3tlna2BwRLMcPU1aUKfGhrE2eVRId6Gp+h+B//Cw0Wi454G2yrmw==",
      "dependencies": {
        "101": "^1.2.0",
        "assert-args": "^1.0.3"
      }
    },
    "node_modules/get-prototype-of": {
      "version": "0.0.0",
      "resolved": "https://registry.npmjs.org/get-prototype-of/-/get-prototype-of-0.0.0.tgz",
      "integrity": "sha512-AvuVaemyh02hboXyoHV3zynKMqdnON5WVT5HS3WBgtJRWrdG3YduWfXR1EcUh40IdVvJu9mJ4psEdrvzCiRDFw=="
    },
    "node_modules/inherits": {
      "version": "2.0.4",
      "resolved": "https://registry.npmjs.org/inherits/-/inherits-2.0.4.tgz",
      "integrity": "sha512-k/vGaX4/Yla3WzyMCvTQOXYeIHvqOKtnqBduzTHpzpQZzAskKMhZ2K+EnBiSM9zGSoIFeMpXKxa4dYeZIQqewQ=="
    },
    "node_modules/is-capitalized": {
      "version": "1.0.0",
      "resolved": "https://registry.npmjs.org/is-capitalized/-/is-capitalized-1.0.0.tgz",
      "integrity": "sha512-HyDHR6PsXUhPMivu3ovkwp4Ja1a2KImu8cdPUuKsgC6fR4Inl/GV3c9TYq6khChSQ8DzXDd8HcZLgPT+tKYoaQ=="
    },
    "node_modules/is-class": {
      "version": "0.0.4",
      "resolved": "https://registry.npmjs.org/is-class/-/is-class-0.0.4.tgz",
      "integrity": "sha512-cjziGCbhRB+g6QmYfYLwnzzf5d+F9spsC3ifuLYuaPwLGmdVJuUSPDo9AXg3cfVFBRS8u3IFBPgcpym6a2WrCQ=="
    },
    "node_modules/isarray": {
      "version": "0.0.1",
      "resolved": "https://registry.npmjs.org/isarray/-/isarray-0.0.1.tgz",
      "integrity": "sha512-D2S+3GLxWH+uhrNEcoh/fnmYeP8E8/zHl644d/jdA0g2uyXvy3sb0qxotE+ne0LtccHknQzWwZEzhak7oJ0COQ=="
    },
    "node_modules/keypather": {
      "version": "1.10.2",
      "resolved": "https://registry.npmjs.org/keypather/-/keypather-1.10.2.tgz",
      "integrity": "sha512-hgomDZ+POrsgpkE7qQuSI2ffyfVLJdDLxk8spzWeR33ovNssz6jCWDOIBLEPyI8SAWcQ5njl1ignlqgMrZsGpA==",
      "dependencies": {
        "101": "^1.0.0"
      }
    },
    "node_modules/ms": {
      "version": "2.1.2",
      "resolved": "https://registry.npmjs.org/ms/-/ms-2.1.2.tgz",
      "integrity": "sha512-sGkPx+VjMtmA6MX27oA4FBFELFCZZ4S4XqeGOXCv68tT+jb3vk/RyaKWP0PTKyWtmLSM0b+adUTEvbs1PEaH2w=="
    },
    "node_modules/native-or-bluebird": {
      "version": "1.2.0",
      "resolved": "https://registry.npmjs.org/native-or-bluebird/-/native-or-bluebird-1.2.0.tgz",
      "integrity": "sha512-0SH8UubxDfe382eYiwmd12qxAbiWGzlGZv6CkMA+DPojWa/Y0oH4hE0lRtFfFgJmPQFyKXeB8XxPbZz6TvvKaQ==",
      "deprecated": "'native-or-bluebird' is deprecated. Please use 'any-promise' instead."
    },
    "node_modules/querystringify": {
      "version": "2.2.0",
      "resolved": "https://registry.npmjs.org/querystringify/-/querystringify-2.2.0.tgz",
      "integrity": "sha512-FIqgj2EUvTa7R50u0rGsyTftzjYmv/a3hO345bZNrqabNqjtgiDMgmo4mkUjd+nzU5oF3dClKqFIPUKybUyqoQ=="
    },
    "node_modules/readable-stream": {
      "version": "1.1.14",
      "resolved": "https://registry.npmjs.org/readable-stream/-/readable-stream-1.1.14.tgz",
      "integrity": "sha512-+MeVjFf4L44XUkhM1eYbD8fyEsxcV81pqMSR5gblfcLCHfZvbrqy4/qYHE+/R5HoBUT11WV5O08Cr1n3YXkWVQ==",
      "dependencies": {
        "core-util-is": "~1.0.0",
        "inherits": "~2.0.1",
        "isarray": "0.0.1",
        "string_decoder": "~0.10.x"
      }
    },
    "node_modules/requires-port": {
      "version": "1.0.0",
      "resolved": "https://registry.npmjs.org/requires-port/-/requires-port-1.0.0.tgz",
      "integrity": "sha512-KigOCHcocU3XODJxsu8i/j8T9tzT4adHiecwORRQ0ZZFcp7ahwXuRU1m+yuO90C5ZUyGeGfocHDI14M3L3yDAQ=="
    },
    "node_modules/safe-buffer": {
      "version": "5.1.2",
      "resolved": "https://registry.npmjs.org/safe-buffer/-/safe-buffer-5.1.2.tgz",
      "integrity": "sha512-Gd2UZBJDkXlY7GbJxfsE8/nvKkUEU1G38c1siN6QP6a9PT9MmHB8GnpscSmMJSoF8LOIrt8ud/wPtojys4G6+g=="
    },
    "node_modules/string_decoder": {
      "version": "0.10.31",
      "resolved": "https://registry.npmjs.org/string_decoder/-/string_decoder-0.10.31.tgz",
      "integrity": "sha512-ev2QzSzWPYmy9GuqfIVildA4OdcGLeFZQrq5ys6RtiuF+RQQiZWr8TZNyAcuVXyQRYfEO+MsoB/1BuQVhOJuoQ=="
    },
    "node_modules/throw-next-tick": {
      "version": "0.1.0",
      "resolved": "https://registry.npmjs.org/throw-next-tick/-/throw-next-tick-0.1.0.tgz",
      "integrity": "sha512-Oijd8xhvsP5WcYNboG3sPgTmhxC7aRrMCRykoSkoBjEpeR7HpZ9YpfS7wZXMd5vGgEKb7hFsZijv1BBOXgbBYw=="
    },
    "node_modules/timeout-then": {
      "version": "1.0.0",
      "resolved": "https://registry.npmjs.org/timeout-then/-/timeout-then-1.0.0.tgz",
      "integrity": "sha512-8zVxw3Kfy6Q1u4N1wuAWfozwyIH1qwfRpYL/4q+pA6r7+nLhocsx//BAsMQoDVHcYKn4aUf7r6ZRZSfFb4RjRQ==",
      "dependencies": {
        "native-or-bluebird": "1"
      }
    },
    "node_modules/type-detect": {
      "version": "0.1.1",
      "resolved": "https://registry.npmjs.org/type-detect/-/type-detect-0.1.1.tgz",
      "integrity": "sha512-5rqszGVwYgBoDkIm2oUtvkfZMQ0vk29iDMU0W2qCa3rG0vPDNczCMT4hV/bLBgLg8k8ri6+u3Zbt+S/14eMzlA==",
      "engines": {
        "node": "*"
      }
    },
    "node_modules/url-parse": {
      "version": "1.5.10",
      "resolved": "https://registry.npmjs.org/url-parse/-/url-parse-1.5.10.tgz",
      "integrity": "sha512-WypcfiRhfeUP9vvF0j6rw0J3hrWrw6iZv3+22h6iRMJ/8z1Tj6XfLP4DsUix5MhMPnXpiHDoKyoZ/bdCkwBCiQ==",
      "dependencies": {
        "querystringify": "^2.1.1",
        "requires-port": "^1.0.0"
      }
    },
    "node_modules/uuid": {
      "version": "2.0.3",
      "resolved": "https://registry.npmjs.org/uuid/-/uuid-2.0.3.tgz",
      "integrity": "sha512-FULf7fayPdpASncVy4DLh3xydlXEJJpvIELjYjNeQWYUZ9pclcpvCZSr2gkmN2FrrGcI7G/cJsIEwk5/8vfXpg==",
      "deprecated": "Please upgrade  to version 7 or higher.  Older versions may use Math.random() in certain circumstances, which is known to be problematic.  See https://v8.dev/blog/math-random for details."
    }
  },
  "dependencies": {
    "101": {
      "version": "1.6.3",
      "resolved": "https://registry.npmjs.org/101/-/101-1.6.3.tgz",
      "integrity": "sha512-4dmQ45yY0Dx24Qxp+zAsNLlMF6tteCyfVzgbulvSyC7tCyd3V8sW76sS0tHq8NpcbXfWTKasfyfzU1Kd86oKzw==",
      "requires": {
        "clone": "^1.0.2",
        "deep-eql": "^0.1.3",
        "keypather": "^1.10.2"
      }
    },
    "@acuminous/bitsyntax": {
      "version": "0.1.2",
      "resolved": "https://registry.npmjs.org/@acuminous/bitsyntax/-/bitsyntax-0.1.2.tgz",
      "integrity": "sha512-29lUK80d1muEQqiUsSo+3A0yP6CdspgC95EnKBMi22Xlwt79i/En4Vr67+cXhU+cZjbti3TgGGC5wy1stIywVQ==",
      "requires": {
        "buffer-more-ints": "~1.0.0",
        "debug": "^4.3.4",
        "safe-buffer": "~5.1.2"
      }
    },
    "amqp-rpc-framework": {
      "version": "1.1.2",
      "resolved": "https://registry.npmjs.org/amqp-rpc-framework/-/amqp-rpc-framework-1.1.2.tgz",
      "integrity": "sha512-iARjpBi/F1GJ9R5PVyDVtsWJL6RE3q9L2xHHzTuezMbkxz20CpUZ8FgAcK/8nCg/o5agbeUW4sQjN7T9/mUL+g==",
      "requires": {
        "amqplib": "^0.10.3",
        "amqplib-rpc": "^3.1.0"
      }
    },
    "amqplib": {
      "version": "0.10.3",
      "resolved": "https://registry.npmjs.org/amqplib/-/amqplib-0.10.3.tgz",
      "integrity": "sha512-UHmuSa7n8vVW/a5HGh2nFPqAEr8+cD4dEZ6u9GjP91nHfr1a54RyAKyra7Sb5NH7NBKOUlyQSMXIp0qAixKexw==",
      "requires": {
        "@acuminous/bitsyntax": "^0.1.2",
        "buffer-more-ints": "~1.0.0",
        "readable-stream": "1.x >=1.1.9",
        "url-parse": "~1.5.10"
      }
    },
    "amqplib-rpc": {
      "version": "3.1.0",
      "resolved": "https://registry.npmjs.org/amqplib-rpc/-/amqplib-rpc-3.1.0.tgz",
      "integrity": "sha512-TTDRIeZxzF/4lNo7Wfx9WeICteX40HaD/SdntLExC+uHv4/EqSVZt81mFnnWYAmsRhhbs7kEW89PXpum7acjaA==",
      "requires": {
        "101": "^1.6.0",
        "assert-args": "^1.1.2",
        "call-me-maybe": "^1.0.1",
        "cast-buffer": "^1.1.0",
        "debug": "^2.2.0",
        "first-event": "^1.0.0",
        "throw-next-tick": "^0.1.0",
        "timeout-then": "1.0.0",
        "uuid": "^2.0.1"
      },
      "dependencies": {
        "debug": {
          "version": "2.6.9",
          "resolved": "https://registry.npmjs.org/debug/-/debug-2.6.9.tgz",
          "integrity": "sha512-bC7ElrdJaJnPbAP+1EotYvqZsb3ecl5wi6Bfi6BJTUcNowp6cvspg0jXznRTKDjm/E7AdgFBVeAPVMNcKGsHMA==",
          "requires": {
            "ms": "2.0.0"
          }
        },
        "ms": {
          "version": "2.0.0",
          "resolved": "https://registry.npmjs.org/ms/-/ms-2.0.0.tgz",
          "integrity": "sha512-Tpp60P6IUJDTuOq/5Z8cdskzJujfwqfOTkrwIwj7IRISpnkJnT6SyJ4PCPnGMoFjC9ddhal5KVIYtAt97ix05A=="
        }
      }
    },
    "assert-args": {
      "version": "1.2.1",
      "resolved": "https://registry.npmjs.org/assert-args/-/assert-args-1.2.1.tgz",
      "integrity": "sha512-5I0r0kiRgmUw7sDfv6WdG5/vAb/N0vkzh0iEfVB/Bp+1L5Iasfz0MyvHDf68Ig/wUTQJsmQH5ga/btNb48Yvgg==",
      "requires": {
        "101": "^1.2.0",
        "compound-subject": "0.0.1",
        "debug": "^2.2.0",
        "get-prototype-of": "0.0.0",
        "is-capitalized": "^1.0.0",
        "is-class": "0.0.4"
      },
      "dependencies": {
        "debug": {
          "version": "2.6.9",
          "resolved": "https://registry.npmjs.org/debug/-/debug-2.6.9.tgz",
          "integrity": "sha512-bC7ElrdJaJnPbAP+1EotYvqZsb3ecl5wi6Bfi6BJTUcNowp6cvspg0jXznRTKDjm/E7AdgFBVeAPVMNcKGsHMA==",
          "requires": {
            "ms": "2.0.0"
          }
        },
        "ms": {
          "version": "2.0.0",
          "resolved": "https://registry.npmjs.org/ms/-/ms-2.0.0.tgz",
          "integrity": "sha512-Tpp60P6IUJDTuOq/5Z8cdskzJujfwqfOTkrwIwj7IRISpnkJnT6SyJ4PCPnGMoFjC9ddhal5KVIYtAt97ix05A=="
        }
      }
    },
    "buffer-more-ints": {
      "version": "1.0.0",
      "resolved": "https://registry.npmjs.org/buffer-more-ints/-/buffer-more-ints-1.0.0.tgz",
      "integrity": "sha512-EMetuGFz5SLsT0QTnXzINh4Ksr+oo4i+UGTXEshiGCQWnsgSs7ZhJ8fzlwQ+OzEMs0MpDAMr1hxnblp5a4vcHg=="
    },
    "call-me-maybe": {
      "version": "1.0.2",
      "resolved": "https://registry.npmjs.org/call-me-maybe/-/call-me-maybe-1.0.2.tgz",
      "integrity": "sha512-HpX65o1Hnr9HH25ojC1YGs7HCQLq0GCOibSaWER0eNpgJ/Z1MZv2mTc7+xh6WOPxbRVcmgbv4hGU+uSQ/2xFZQ=="
    },
    "cast-buffer": {
      "version": "1.2.0",
      "resolved": "https://registry.npmjs.org/cast-buffer/-/cast-buffer-1.2.0.tgz",
      "integrity": "sha512-vnUYuoqu/x0lAAzz8USm5AeyIE9tYy0MDjkClVgynNYC806SynSac5R8OpK+zhzkGLLFAWwPggNxWYB1Veyp3w==",
      "requires": {
        "101": "^1.2.0",
        "assert-args": "^1.0.5"
      }
    },
    "clone": {
      "version": "1.0.4",
      "resolved": "https://registry.npmjs.org/clone/-/clone-1.0.4.tgz",
      "integrity": "sha512-JQHZ2QMW6l3aH/j6xCqQThY/9OH4D/9ls34cgkUBiEeocRTU04tHfKPBsUK1PqZCUQM7GiA0IIXJSuXHI64Kbg=="
    },
    "compound-subject": {
      "version": "0.0.1",
      "resolved": "https://registry.npmjs.org/compound-subject/-/compound-subject-0.0.1.tgz",
      "integrity": "sha512-FrT18lznTAOi5MRu/5PyfbXXHiASha4yTpuxXwtK6FCwiBKToEQLyK3NyazGKj4T0vDnkqPDmCczCVNJOVpdmA=="
    },
    "core-util-is": {
      "version": "1.0.3",
      "resolved": "https://registry.npmjs.org/core-util-is/-/core-util-is-1.0.3.tgz",
      "integrity": "sha512-ZQBvi1DcpJ4GDqanjucZ2Hj3wEO5pZDS89BWbkcrvdxksJorwUDDZamX9ldFkp9aw2lmBDLgkObEA4DWNJ9FYQ=="
    },
    "debug": {
      "version": "4.3.4",
      "resolved": "https://registry.npmjs.org/debug/-/debug-4.3.4.tgz",
      "integrity": "sha512-PRWFHuSU3eDtQJPvnNY7Jcket1j0t5OuOsFzPPzsekD52Zl8qUfFIPEiswXqIvHWGVHOgX+7G/vCNNhehwxfkQ==",
      "requires": {
        "ms": "2.1.2"
      }
    },
    "deep-eql": {
      "version": "0.1.3",
      "resolved": "https://registry.npmjs.org/deep-eql/-/deep-eql-0.1.3.tgz",
      "integrity": "sha512-6sEotTRGBFiNcqVoeHwnfopbSpi5NbH1VWJmYCVkmxMmaVTT0bUTrNaGyBwhgP4MZL012W/mkzIn3Da+iDYweg==",
      "requires": {
        "type-detect": "0.1.1"
      }
    },
    "first-event": {
      "version": "1.0.0",
      "resolved": "https://registry.npmjs.org/first-event/-/first-event-1.0.0.tgz",
      "integrity": "sha512-42kUcRMaGhvYBn/xtad077NfcS6hc5sbib3tlna2BwRLMcPU1aUKfGhrE2eVRId6Gp+h+B//Cw0Wi454G2yrmw==",
      "requires": {
        "101": "^1.2.0",
        "assert-args": "^1.0.3"
      }
    },
    "get-prototype-of": {
      "version": "0.0.0",
      "resolved": "https://registry.npmjs.org/get-prototype-of/-/get-prototype-of-0.0.0.tgz",
      "integrity": "sha512-AvuVaemyh02hboXyoHV3zynKMqdnON5WVT5HS3WBgtJRWrdG3YduWfXR1EcUh40IdVvJu9mJ4psEdrvzCiRDFw=="
    },
    "inherits": {
      "version": "2.0.4",
      "resolved": "https://registry.npmjs.org/inherits/-/inherits-2.0.4.tgz",
      "integrity": "sha512-k/vGaX4/Yla3WzyMCvTQOXYeIHvqOKtnqBduzTHpzpQZzAskKMhZ2K+EnBiSM9zGSoIFeMpXKxa4dYeZIQqewQ=="
    },
    "is-capitalized": {
      "version": "1.0.0",
      "resolved": "https://registry.npmjs.org/is-capitalized/-/is-capitalized-1.0.0.tgz",
      "integrity": "sha512-HyDHR6PsXUhPMivu3ovkwp4Ja1a2KImu8cdPUuKsgC6fR4Inl/GV3c9TYq6khChSQ8DzXDd8HcZLgPT+tKYoaQ=="
    },
    "is-class": {
      "version": "0.0.4",
      "resolved": "https://registry.npmjs.org/is-class/-/is-class-0.0.4.tgz",
      "integrity": "sha512-cjziGCbhRB+g6QmYfYLwnzzf5d+F9spsC3ifuLYuaPwLGmdVJuUSPDo9AXg3cfVFBRS8u3IFBPgcpym6a2WrCQ=="
    },
    "isarray": {
      "version": "0.0.1",
      "resolved": "https://registry.npmjs.org/isarray/-/isarray-0.0.1.tgz",
      "integrity": "sha512-D2S+3GLxWH+uhrNEcoh/fnmYeP8E8/zHl644d/jdA0g2uyXvy3sb0qxotE+ne0LtccHknQzWwZEzhak7oJ0COQ=="
    },
    "keypather": {
      "version": "1.10.2",
      "resolved": "https://registry.npmjs.org/keypather/-/keypather-1.10.2.tgz",
      "integrity": "sha512-hgomDZ+POrsgpkE7qQuSI2ffyfVLJdDLxk8spzWeR33ovNssz6jCWDOIBLEPyI8SAWcQ5njl1ignlqgMrZsGpA==",
      "requires": {
        "101": "^1.0.0"
      }
    },
    "ms": {
      "version": "2.1.2",
      "resolved": "https://registry.npmjs.org/ms/-/ms-2.1.2.tgz",
      "integrity": "sha512-sGkPx+VjMtmA6MX27oA4FBFELFCZZ4S4XqeGOXCv68tT+jb3vk/RyaKWP0PTKyWtmLSM0b+adUTEvbs1PEaH2w=="
    },
    "native-or-bluebird": {
      "version": "1.2.0",
      "resolved": "https://registry.npmjs.org/native-or-bluebird/-/native-or-bluebird-1.2.0.tgz",
      "integrity": "sha512-0SH8UubxDfe382eYiwmd12qxAbiWGzlGZv6CkMA+DPojWa/Y0oH4hE0lRtFfFgJmPQFyKXeB8XxPbZz6TvvKaQ=="
    },
    "querystringify": {
      "version": "2.2.0",
      "resolved": "https://registry.npmjs.org/querystringify/-/querystringify-2.2.0.tgz",
      "integrity": "sha512-FIqgj2EUvTa7R50u0rGsyTftzjYmv/a3hO345bZNrqabNqjtgiDMgmo4mkUjd+nzU5oF3dClKqFIPUKybUyqoQ=="
    },
    "readable-stream": {
      "version": "1.1.14",
      "resolved": "https://registry.npmjs.org/readable-stream/-/readable-stream-1.1.14.tgz",
      "integrity": "sha512-+MeVjFf4L44XUkhM1eYbD8fyEsxcV81pqMSR5gblfcLCHfZvbrqy4/qYHE+/R5HoBUT11WV5O08Cr1n3YXkWVQ==",
      "requires": {
        "core-util-is": "~1.0.0",
        "inherits": "~2.0.1",
        "isarray": "0.0.1",
        "string_decoder": "~0.10.x"
      }
    },
    "requires-port": {
      "version": "1.0.0",
      "resolved": "https://registry.npmjs.org/requires-port/-/requires-port-1.0.0.tgz",
      "integrity": "sha512-KigOCHcocU3XODJxsu8i/j8T9tzT4adHiecwORRQ0ZZFcp7ahwXuRU1m+yuO90C5ZUyGeGfocHDI14M3L3yDAQ=="
    },
    "safe-buffer": {
      "version": "5.1.2",
      "resolved": "https://registry.npmjs.org/safe-buffer/-/safe-buffer-5.1.2.tgz",
      "integrity": "sha512-Gd2UZBJDkXlY7GbJxfsE8/nvKkUEU1G38c1siN6QP6a9PT9MmHB8GnpscSmMJSoF8LOIrt8ud/wPtojys4G6+g=="
    },
    "string_decoder": {
      "version": "0.10.31",
      "resolved": "https://registry.npmjs.org/string_decoder/-/string_decoder-0.10.31.tgz",
      "integrity": "sha512-ev2QzSzWPYmy9GuqfIVildA4OdcGLeFZQrq5ys6RtiuF+RQQiZWr8TZNyAcuVXyQRYfEO+MsoB/1BuQVhOJuoQ=="
    },
    "throw-next-tick": {
      "version": "0.1.0",
      "resolved": "https://registry.npmjs.org/throw-next-tick/-/throw-next-tick-0.1.0.tgz",
      "integrity": "sha512-Oijd8xhvsP5WcYNboG3sPgTmhxC7aRrMCRykoSkoBjEpeR7HpZ9YpfS7wZXMd5vGgEKb7hFsZijv1BBOXgbBYw=="
    },
    "timeout-then": {
      "version": "1.0.0",
      "resolved": "https://registry.npmjs.org/timeout-then/-/timeout-then-1.0.0.tgz",
      "integrity": "sha512-8zVxw3Kfy6Q1u4N1wuAWfozwyIH1qwfRpYL/4q+pA6r7+nLhocsx//BAsMQoDVHcYKn4aUf7r6ZRZSfFb4RjRQ==",
      "requires": {
        "native-or-bluebird": "1"
      }
    },
    "type-detect": {
      "version": "0.1.1",
      "resolved": "https://registry.npmjs.org/type-detect/-/type-detect-0.1.1.tgz",
      "integrity": "sha512-5rqszGVwYgBoDkIm2oUtvkfZMQ0vk29iDMU0W2qCa3rG0vPDNczCMT4hV/bLBgLg8k8ri6+u3Zbt+S/14eMzlA=="
    },
    "url-parse": {
      "version": "1.5.10",
      "resolved": "https://registry.npmjs.org/url-parse/-/url-parse-1.5.10.tgz",
      "integrity": "sha512-WypcfiRhfeUP9vvF0j6rw0J3hrWrw6iZv3+22h6iRMJ/8z1Tj6XfLP4DsUix5MhMPnXpiHDoKyoZ/bdCkwBCiQ==",
      "requires": {
        "querystringify": "^2.1.1",
        "requires-port": "^1.0.0"
      }
    },
    "uuid": {
      "version": "2.0.3",
      "resolved": "https://registry.npmjs.org/uuid/-/uuid-2.0.3.tgz",
      "integrity": "sha512-FULf7fayPdpASncVy4DLh3xydlXEJJpvIELjYjNeQWYUZ9pclcpvCZSr2gkmN2FrrGcI7G/cJsIEwk5/8vfXpg=="
    }
  }
}
